
Microsoft Visual Studio Solution File, Format Version 12.00
# Visual Studio Version 17
VisualStudioVersion = 17.4.33213.308
MinimumVisualStudioVersion = 10.0.40219.1
Project("{FAE04EC0-301F-11D3-BF4B-00C04F79EFBC}") = "Registration", "Registration.csproj", "{1ABDFFD1-084B-4C3E-B903-97985AB34D72}"
EndProject
Project("{FAE04EC0-301F-11D3-BF4B-00C04F79EFBC}") = "Registration.Datamodel", "..\Registration.Datamodel\Registration.Datamodel.csproj", "{91F48CCD-85DF-497F-8FA3-1E62143CA538}"
EndProject
Project("{FAE04EC0-301F-11D3-BF4B-00C04F79EFBC}") = "Registration.Repository", "..\Registration.Repository\Registration.Repository.csproj", "{5CFD7093-435F-4EA9-94C7-26196EA14F6C}"
EndProject
Global
	GlobalSection(SolutionConfigurationPlatforms) = preSolution
		Debug|Any CPU = Debug|Any CPU
		Release|Any CPU = Release|Any CPU
	EndGlobalSection
	GlobalSection(ProjectConfigurationPlatforms) = postSolution
		{1ABDFFD1-084B-4C3E-B903-97985AB34D72}.Debug|Any CPU.ActiveCfg = Debug|Any CPU
		{1ABDFFD1-084B-4C3E-B903-97985AB34D72}.Debug|Any CPU.Build.0 = Debug|Any CPU
		{1ABDFFD1-084B-4C3E-B903-97985AB34D72}.Release|Any CPU.ActiveCfg = Release|Any CPU
		{1ABDFFD1-084B-4C3E-B903-97985AB34D72}.Release|Any CPU.Build.0 = Release|Any CPU
		{91F48CCD-85DF-497F-8FA3-1E62143CA538}.Debug|Any CPU.ActiveCfg = Debug|Any CPU
		{91F48CCD-85DF-497F-8FA3-1E62143CA538}.Debug|Any CPU.Build.0 = Debug|Any CPU
		{91F48CCD-85DF-497F-8FA3-1E62143CA538}.Release|Any CPU.ActiveCfg = Release|Any CPU
		{91F48CCD-85DF-497F-8FA3-1E62143CA538}.Release|Any CPU.Build.0 = Release|Any CPU
		{5CFD7093-435F-4EA9-94C7-26196EA14F6C}.Debug|Any CPU.ActiveCfg = Debug|Any CPU
		{5CFD7093-435F-4EA9-94C7-26196EA14F6C}.Debug|Any CPU.Build.0 = Debug|Any CPU
		{5CFD7093-435F-4EA9-94C7-26196EA14F6C}.Release|Any CPU.ActiveCfg = Release|Any CPU
		{5CFD7093-435F-4EA9-94C7-26196EA14F6C}.Release|Any CPU.Build.0 = Release|Any CPU
	EndGlobalSection
	GlobalSection(SolutionProperties) = preSolution
		HideSolutionNode = FALSE
	EndGlobalSection
	GlobalSection(ExtensibilityGlobals) = postSolution
		SolutionGuid = {16D437D4-6A0E-4B9D-993C-C9BF41C0CCCD}
	EndGlobalSection
EndGlobal
